// !$*UTF8*$!
{
	archiveVersion = 1;
	classes = {
	};
	objectVersion = 50;
	objects = {

/* Begin PBXBuildFile section */
		0406BEBA241A218B00E4533B /* AppDelegate.m in Sources */ = {isa = PBXBuildFile; fileRef = 0406BEB9241A218B00E4533B /* AppDelegate.m */; };
		0406BEBD241A218B00E4533B /* SceneDelegate.m in Sources */ = {isa = PBXBuildFile; fileRef = 0406BEBC241A218B00E4533B /* SceneDelegate.m */; };
		0406BEC0241A218B00E4533B /* ViewController.m in Sources */ = {isa = PBXBuildFile; fileRef = 0406BEBF241A218B00E4533B /* ViewController.m */; };
		0406BEC3241A218B00E4533B /* Main.storyboard in Resources */ = {isa = PBXBuildFile; fileRef = 0406BEC1241A218B00E4533B /* Main.storyboard */; };
		0406BEC5241A218E00E4533B /* Assets.xcassets in Resources */ = {isa = PBXBuildFile; fileRef = 0406BEC4241A218E00E4533B /* Assets.xcassets */; };
		0406BEC8241A218E00E4533B /* LaunchScreen.storyboard in Resources */ = {isa = PBXBuildFile; fileRef = 0406BEC6241A218E00E4533B /* LaunchScreen.storyboard */; };
		0406BECB241A218E00E4533B /* main.m in Sources */ = {isa = PBXBuildFile; fileRef = 0406BECA241A218E00E4533B /* main.m */; };
		0406BED5241A218E00E4533B /* AnimationZanDemoTests.m in Sources */ = {isa = PBXBuildFile; fileRef = 0406BED4241A218E00E4533B /* AnimationZanDemoTests.m */; };
		0406BEE0241A218E00E4533B /* AnimationZanDemoUITests.m in Sources */ = {isa = PBXBuildFile; fileRef = 0406BEDF241A218E00E4533B /* AnimationZanDemoUITests.m */; };
		04BA4800241A640200D98975 /* FisrtTableViewController.m in Sources */ = {isa = PBXBuildFile; fileRef = 04BA47FE241A640200D98975 /* FisrtTableViewController.m */; };
		04BA4801241A640200D98975 /* FisrtTableViewController.xib in Resources */ = {isa = PBXBuildFile; fileRef = 04BA47FF241A640200D98975 /* FisrtTableViewController.xib */; };
		04BA4805241A643C00D98975 /* DemoTableViewCell.m in Sources */ = {isa = PBXBuildFile; fileRef = 04BA4803241A643C00D98975 /* DemoTableViewCell.m */; };
		04BA4806241A643C00D98975 /* DemoTableViewCell.xib in Resources */ = {isa = PBXBuildFile; fileRef = 04BA4804241A643C00D98975 /* DemoTableViewCell.xib */; };
		04BA480A241A6A7B00D98975 /* LikeAnimationView.m in Sources */ = {isa = PBXBuildFile; fileRef = 04BA4809241A6A7B00D98975 /* LikeAnimationView.m */; };
		04BA480D241A6FA700D98975 /* LikeAnimationButton.m in Sources */ = {isa = PBXBuildFile; fileRef = 04BA480C241A6FA700D98975 /* LikeAnimationButton.m */; };
		4F655DDA46A3BD403443B308 /* libPods-AnimationZanDemo.a in Frameworks */ = {isa = PBXBuildFile; fileRef = FCC3010C66B40BC56C61A2E5 /* libPods-AnimationZanDemo.a */; };
/* End PBXBuildFile section */

/* Begin PBXContainerItemProxy section */
		0406BED1241A218E00E4533B /* PBXContainerItemProxy */ = {
			isa = PBXContainerItemProxy;
			containerPortal = 0406BEAD241A218B00E4533B /* Project object */;
			proxyType = 1;
			remoteGlobalIDString = 0406BEB4241A218B00E4533B;
			remoteInfo = AnimationZanDemo;
		};
		0406BEDC241A218E00E4533B /* PBXContainerItemProxy */ = {
			isa = PBXContainerItemProxy;
			containerPortal = 0406BEAD241A218B00E4533B /* Project object */;
			proxyType = 1;
			remoteGlobalIDString = 0406BEB4241A218B00E4533B;
			remoteInfo = AnimationZanDemo;
		};
/* End PBXContainerItemProxy section */

/* Begin PBXFileReference section */
		0406BEB5241A218B00E4533B /* AnimationZanDemo.app */ = {isa = PBXFileReference; explicitFileType = wrapper.application; includeInIndex = 0; path = AnimationZanDemo.app; sourceTree = BUILT_PRODUCTS_DIR; };
		0406BEB8241A218B00E4533B /* AppDelegate.h */ = {isa = PBXFileReference; lastKnownFileType = sourcecode.c.h; path = AppDelegate.h; sourceTree = "<group>"; };
		0406BEB9241A218B00E4533B /* AppDelegate.m */ = {isa = PBXFileReference; lastKnownFileType = sourcecode.c.objc; path = AppDelegate.m; sourceTree = "<group>"; };
		0406BEBB241A218B00E4533B /* SceneDelegate.h */ = {isa = PBXFileReference; lastKnownFileType = sourcecode.c.h; path = SceneDelegate.h; sourceTree = "<group>"; };
		0406BEBC241A218B00E4533B /* SceneDelegate.m */ = {isa = PBXFileReference; lastKnownFileType = sourcecode.c.objc; path = SceneDelegate.m; sourceTree = "<group>"; };
		0406BEBE241A218B00E4533B /* ViewController.h */ = {isa = PBXFileReference; lastKnownFileType = sourcecode.c.h; path = ViewController.h; sourceTree = "<group>"; };
		0406BEBF241A218B00E4533B /* ViewController.m */ = {isa = PBXFileReference; lastKnownFileType = sourcecode.c.objc; path = ViewController.m; sourceTree = "<group>"; };
		0406BEC2241A218B00E4533B /* Base */ = {isa = PBXFileReference; lastKnownFileType = file.storyboard; name = Base; path = Base.lproj/Main.storyboard; sourceTree = "<group>"; };
		0406BEC4241A218E00E4533B /* Assets.xcassets */ = {isa = PBXFileReference; lastKnownFileType = folder.assetcatalog; path = Assets.xcassets; sourceTree = "<group>"; };
		0406BEC7241A218E00E4533B /* Base */ = {isa = PBXFileReference; lastKnownFileType = file.storyboard; name = Base; path = Base.lproj/LaunchScreen.storyboard; sourceTree = "<group>"; };
		0406BEC9241A218E00E4533B /* Info.plist */ = {isa = PBXFileReference; lastKnownFileType = text.plist.xml; path = Info.plist; sourceTree = "<group>"; };
		0406BECA241A218E00E4533B /* main.m */ = {isa = PBXFileReference; lastKnownFileType = sourcecode.c.objc; path = main.m; sourceTree = "<group>"; };
		0406BED0241A218E00E4533B /* AnimationZanDemoTests.xctest */ = {isa = PBXFileReference; explicitFileType = wrapper.cfbundle; includeInIndex = 0; path = AnimationZanDemoTests.xctest; sourceTree = BUILT_PRODUCTS_DIR; };
		0406BED4241A218E00E4533B /* AnimationZanDemoTests.m */ = {isa = PBXFileReference; lastKnownFileType = sourcecode.c.objc; path = AnimationZanDemoTests.m; sourceTree = "<group>"; };
		0406BED6241A218E00E4533B /* Info.plist */ = {isa = PBXFileReference; lastKnownFileType = text.plist.xml; path = Info.plist; sourceTree = "<group>"; };
		0406BEDB241A218E00E4533B /* AnimationZanDemoUITests.xctest */ = {isa = PBXFileReference; explicitFileType = wrapper.cfbundle; includeInIndex = 0; path = AnimationZanDemoUITests.xctest; sourceTree = BUILT_PRODUCTS_DIR; };
		0406BEDF241A218E00E4533B /* AnimationZanDemoUITests.m */ = {isa = PBXFileReference; lastKnownFileType = sourcecode.c.objc; path = AnimationZanDemoUITests.m; sourceTree = "<group>"; };
		0406BEE1241A218E00E4533B /* Info.plist */ = {isa = PBXFileReference; lastKnownFileType = text.plist.xml; path = Info.plist; sourceTree = "<group>"; };
		04BA47FD241A640200D98975 /* FisrtTableViewController.h */ = {isa = PBXFileReference; lastKnownFileType = sourcecode.c.h; path = FisrtTableViewController.h; sourceTree = "<group>"; };
		04BA47FE241A640200D98975 /* FisrtTableViewController.m */ = {isa = PBXFileReference; lastKnownFileType = sourcecode.c.objc; path = FisrtTableViewController.m; sourceTree = "<group>"; };
		04BA47FF241A640200D98975 /* FisrtTableViewController.xib */ = {isa = PBXFileReference; lastKnownFileType = file.xib; path = FisrtTableViewController.xib; sourceTree = "<group>"; };
		04BA4802241A643C00D98975 /* DemoTableViewCell.h */ = {isa = PBXFileReference; lastKnownFileType = sourcecode.c.h; path = DemoTableViewCell.h; sourceTree = "<group>"; };
		04BA4803241A643C00D98975 /* DemoTableViewCell.m */ = {isa = PBXFileReference; lastKnownFileType = sourcecode.c.objc; path = DemoTableViewCell.m; sourceTree = "<group>"; };
		04BA4804241A643C00D98975 /* DemoTableViewCell.xib */ = {isa = PBXFileReference; lastKnownFileType = file.xib; path = DemoTableViewCell.xib; sourceTree = "<group>"; };
		04BA4808241A6A7B00D98975 /* LikeAnimationView.h */ = {isa = PBXFileReference; lastKnownFileType = sourcecode.c.h; path = LikeAnimationView.h; sourceTree = "<group>"; };
		04BA4809241A6A7B00D98975 /* LikeAnimationView.m */ = {isa = PBXFileReference; lastKnownFileType = sourcecode.c.objc; path = LikeAnimationView.m; sourceTree = "<group>"; };
		04BA480B241A6FA700D98975 /* LikeAnimationButton.h */ = {isa = PBXFileReference; lastKnownFileType = sourcecode.c.h; path = LikeAnimationButton.h; sourceTree = "<group>"; };
		04BA480C241A6FA700D98975 /* LikeAnimationButton.m */ = {isa = PBXFileReference; lastKnownFileType = sourcecode.c.objc; path = LikeAnimationButton.m; sourceTree = "<group>"; };
		04BA480F241A805A00D98975 /* PublicConfig.h */ = {isa = PBXFileReference; fileEncoding = 4; lastKnownFileType = sourcecode.c.h; path = PublicConfig.h; sourceTree = "<group>"; };
		3B7C1CA7C8263F59C9AC5A53 /* Pods-AnimationZanDemo.release.xcconfig */ = {isa = PBXFileReference; includeInIndex = 1; lastKnownFileType = text.xcconfig; name = "Pods-AnimationZanDemo.release.xcconfig"; path = "Target Support Files/Pods-AnimationZanDemo/Pods-AnimationZanDemo.release.xcconfig"; sourceTree = "<group>"; };
		BF0A8F4BA464B9ACDF8D5334 /* Pods-AnimationZanDemo.debug.xcconfig */ = {isa = PBXFileReference; includeInIndex = 1; lastKnownFileType = text.xcconfig; name = "Pods-AnimationZanDemo.debug.xcconfig"; path = "Target Support Files/Pods-AnimationZanDemo/Pods-AnimationZanDemo.debug.xcconfig"; sourceTree = "<group>"; };
		FCC3010C66B40BC56C61A2E5 /* libPods-AnimationZanDemo.a */ = {isa = PBXFileReference; explicitFileType = archive.ar; includeInIndex = 0; path = "libPods-AnimationZanDemo.a"; sourceTree = BUILT_PRODUCTS_DIR; };
/* End PBXFileReference section */

/* Begin PBXFrameworksBuildPhase section */
		0406BEB2241A218B00E4533B /* Frameworks */ = {
			isa = PBXFrameworksBuildPhase;
			buildActionMask = 2147483647;
			files = (
				4F655DDA46A3BD403443B308 /* libPods-AnimationZanDemo.a in Frameworks */,
			);
			runOnlyForDeploymentPostprocessing = 0;
		};
		0406BECD241A218E00E4533B /* Frameworks */ = {
			isa = PBXFrameworksBuildPhase;
			buildActionMask = 2147483647;
			files = (
			);
			runOnlyForDeploymentPostprocessing = 0;
		};
		0406BED8241A218E00E4533B /* Frameworks */ = {
			isa = PBXFrameworksBuildPhase;
			buildActionMask = 2147483647;
			files = (
			);
			runOnlyForDeploymentPostprocessing = 0;
		};
/* End PBXFrameworksBuildPhase section */

/* Begin PBXGroup section */
		0406BEAC241A218B00E4533B = {
			isa = PBXGroup;
			children = (
				0406BEB7241A218B00E4533B /* AnimationZanDemo */,
				0406BED3241A218E00E4533B /* AnimationZanDemoTests */,
				0406BEDE241A218E00E4533B /* AnimationZanDemoUITests */,
				0406BEB6241A218B00E4533B /* Products */,
				7C1904E096442727B6DE7800 /* Pods */,
				E3C0336C402E10D23E678808 /* Frameworks */,
			);
			sourceTree = "<group>";
		};
		0406BEB6241A218B00E4533B /* Products */ = {
			isa = PBXGroup;
			children = (
				0406BEB5241A218B00E4533B /* AnimationZanDemo.app */,
				0406BED0241A218E00E4533B /* AnimationZanDemoTests.xctest */,
				0406BEDB241A218E00E4533B /* AnimationZanDemoUITests.xctest */,
			);
			name = Products;
			sourceTree = "<group>";
		};
		0406BEB7241A218B00E4533B /* AnimationZanDemo */ = {
			isa = PBXGroup;
			children = (
				04BA480F241A805A00D98975 /* PublicConfig.h */,
				0406BEB8241A218B00E4533B /* AppDelegate.h */,
				0406BEB9241A218B00E4533B /* AppDelegate.m */,
				0406BEBB241A218B00E4533B /* SceneDelegate.h */,
				0406BEBC241A218B00E4533B /* SceneDelegate.m */,
				04BA4808241A6A7B00D98975 /* LikeAnimationView.h */,
				04BA4809241A6A7B00D98975 /* LikeAnimationView.m */,
				04BA480B241A6FA700D98975 /* LikeAnimationButton.h */,
				04BA480C241A6FA700D98975 /* LikeAnimationButton.m */,
				04BA47FD241A640200D98975 /* FisrtTableViewController.h */,
				04BA47FE241A640200D98975 /* FisrtTableViewController.m */,
				04BA47FF241A640200D98975 /* FisrtTableViewController.xib */,
				04BA4802241A643C00D98975 /* DemoTableViewCell.h */,
				04BA4803241A643C00D98975 /* DemoTableViewCell.m */,
				04BA4804241A643C00D98975 /* DemoTableViewCell.xib */,
				0406BEBE241A218B00E4533B /* ViewController.h */,
				0406BEBF241A218B00E4533B /* ViewController.m */,
				0406BEC1241A218B00E4533B /* Main.storyboard */,
				0406BEC4241A218E00E4533B /* Assets.xcassets */,
				0406BEC6241A218E00E4533B /* LaunchScreen.storyboard */,
				0406BEC9241A218E00E4533B /* Info.plist */,
				0406BECA241A218E00E4533B /* main.m */,
			);
			path = AnimationZanDemo;
			sourceTree = "<group>";
		};
		0406BED3241A218E00E4533B /* AnimationZanDemoTests */ = {
			isa = PBXGroup;
			children = (
				0406BED4241A218E00E4533B /* AnimationZanDemoTests.m */,
				0406BED6241A218E00E4533B /* Info.plist */,
			);
			path = AnimationZanDemoTests;
			sourceTree = "<group>";
		};
		0406BEDE241A218E00E4533B /* AnimationZanDemoUITests */ = {
			isa = PBXGroup;
			children = (
				0406BEDF241A218E00E4533B /* AnimationZanDemoUITests.m */,
				0406BEE1241A218E00E4533B /* Info.plist */,
			);
			path = AnimationZanDemoUITests;
			sourceTree = "<group>";
		};
		7C1904E096442727B6DE7800 /* Pods */ = {
			isa = PBXGroup;
			children = (
				BF0A8F4BA464B9ACDF8D5334 /* Pods-AnimationZanDemo.debug.xcconfig */,
				3B7C1CA7C8263F59C9AC5A53 /* Pods-AnimationZanDemo.release.xcconfig */,
			);
			path = Pods;
			sourceTree = "<group>";
		};
		E3C0336C402E10D23E678808 /* Frameworks */ = {
			isa = PBXGroup;
			children = (
				FCC3010C66B40BC56C61A2E5 /* libPods-AnimationZanDemo.a */,
			);
			name = Frameworks;
			sourceTree = "<group>";
		};
/* End PBXGroup section */

/* Begin PBXNativeTarget section */
		0406BEB4241A218B00E4533B /* AnimationZanDemo */ = {
			isa = PBXNativeTarget;
			buildConfigurationList = 0406BEE4241A218E00E4533B /* Build configuration list for PBXNativeTarget "AnimationZanDemo" */;
			buildPhases = (
				56299D9C6917CA963EFAC396 /* [CP] Check Pods Manifest.lock */,
				0406BEB1241A218B00E4533B /* Sources */,
				0406BEB2241A218B00E4533B /* Frameworks */,
				0406BEB3241A218B00E4533B /* Resources */,
			);
			buildRules = (
			);
			dependencies = (
			);
			name = AnimationZanDemo;
			productName = AnimationZanDemo;
			productReference = 0406BEB5241A218B00E4533B /* AnimationZanDemo.app */;
			productType = "com.apple.product-type.application";
		};
		0406BECF241A218E00E4533B /* AnimationZanDemoTests */ = {
			isa = PBXNativeTarget;
			buildConfigurationList = 0406BEE7241A218E00E4533B /* Build configuration list for PBXNativeTarget "AnimationZanDemoTests" */;
			buildPhases = (
				0406BECC241A218E00E4533B /* Sources */,
				0406BECD241A218E00E4533B /* Frameworks */,
				0406BECE241A218E00E4533B /* Resources */,
			);
			buildRules = (
			);
			dependencies = (
				0406BED2241A218E00E4533B /* PBXTargetDependency */,
			);
			name = AnimationZanDemoTests;
			productName = AnimationZanDemoTests;
			productReference = 0406BED0241A218E00E4533B /* AnimationZanDemoTests.xctest */;
			productType = "com.apple.product-type.bundle.unit-test";
		};
		0406BEDA241A218E00E4533B /* AnimationZanDemoUITests */ = {
			isa = PBXNativeTarget;
			buildConfigurationList = 0406BEEA241A218E00E4533B /* Build configuration list for PBXNativeTarget "AnimationZanDemoUITests" */;
			buildPhases = (
				0406BED7241A218E00E4533B /* Sources */,
				0406BED8241A218E00E4533B /* Frameworks */,
				0406BED9241A218E00E4533B /* Resources */,
			);
			buildRules = (
			);
			dependencies = (
				0406BEDD241A218E00E4533B /* PBXTargetDependency */,
			);
			name = AnimationZanDemoUITests;
			productName = AnimationZanDemoUITests;
			productReference = 0406BEDB241A218E00E4533B /* AnimationZanDemoUITests.xctest */;
			productType = "com.apple.product-type.bundle.ui-testing";
		};
/* End PBXNativeTarget section */

/* Begin PBXProject section */
		0406BEAD241A218B00E4533B /* Project object */ = {
			isa = PBXProject;
			attributes = {
				LastUpgradeCheck = 1130;
				ORGANIZATIONNAME = Xdf;
				TargetAttributes = {
					0406BEB4241A218B00E4533B = {
						CreatedOnToolsVersion = 11.3.1;
					};
					0406BECF241A218E00E4533B = {
						CreatedOnToolsVersion = 11.3.1;
						TestTargetID = 0406BEB4241A218B00E4533B;
					};
					0406BEDA241A218E00E4533B = {
						CreatedOnToolsVersion = 11.3.1;
						TestTargetID = 0406BEB4241A218B00E4533B;
					};
				};
			};
			buildConfigurationList = 0406BEB0241A218B00E4533B /* Build configuration list for PBXProject "AnimationZanDemo" */;
			compatibilityVersion = "Xcode 9.3";
			developmentRegion = en;
			hasScannedForEncodings = 0;
			knownRegions = (
				en,
				Base,
			);
			mainGroup = 0406BEAC241A218B00E4533B;
			productRefGroup = 0406BEB6241A218B00E4533B /* Products */;
			projectDirPath = "";
			projectRoot = "";
			targets = (
				0406BEB4241A218B00E4533B /* AnimationZanDemo */,
				0406BECF241A218E00E4533B /* AnimationZanDemoTests */,
				0406BEDA241A218E00E4533B /* AnimationZanDemoUITests */,
			);
		};
/* End PBXProject section */

/* Begin PBXResourcesBuildPhase section */
		0406BEB3241A218B00E4533B /* Resources */ = {
			isa = PBXResourcesBuildPhase;
			buildActionMask = 2147483647;
			files = (
				0406BEC8241A218E00E4533B /* LaunchScreen.storyboard in Resources */,
				04BA4806241A643C00D98975 /* DemoTableViewCell.xib in Resources */,
				0406BEC5241A218E00E4533B /* Assets.xcassets in Resources */,
				04BA4801241A640200D98975 /* FisrtTableViewController.xib in Resources */,
				0406BEC3241A218B00E4533B /* Main.storyboard in Resources */,
			);
			runOnlyForDeploymentPostprocessing = 0;
		};
		0406BECE241A218E00E4533B /* Resources */ = {
			isa = PBXResourcesBuildPhase;
			buildActionMask = 2147483647;
			files = (
			);
			runOnlyForDeploymentPostprocessing = 0;
		};
		0406BED9241A218E00E4533B /* Resources */ = {
			isa = PBXResourcesBuildPhase;
			buildActionMask = 2147483647;
			files = (
			);
			runOnlyForDeploymentPostprocessing = 0;
		};
/* End PBXResourcesBuildPhase section */

/* Begin PBXShellScriptBuildPhase section */
		56299D9C6917CA963EFAC396 /* [CP] Check Pods Manifest.lock */ = {
			isa = PBXShellScriptBuildPhase;
			buildActionMask = 2147483647;
			files = (
			);
			inputFileListPaths = (
			);
			inputPaths = (
				"${PODS_PODFILE_DIR_PATH}/Podfile.lock",
				"${PODS_ROOT}/Manifest.lock",
			);
			name = "[CP] Check Pods Manifest.lock";
			outputFileListPaths = (
			);
			outputPaths = (
				"$(DERIVED_FILE_DIR)/Pods-AnimationZanDemo-checkManifestLockResult.txt",
			);
			runOnlyForDeploymentPostprocessing = 0;
			shellPath = /bin/sh;
			shellScript = "diff \"${PODS_PODFILE_DIR_PATH}/Podfile.lock\" \"${PODS_ROOT}/Manifest.lock\" > /dev/null\nif [ $? != 0 ] ; then\n    # print error to STDERR\n    echo \"error: The sandbox is not in sync with the Podfile.lock. Run 'pod install' or update your CocoaPods installation.\" >&2\n    exit 1\nfi\n# This output is used by Xcode 'outputs' to avoid re-running this script phase.\necho \"SUCCESS\" > \"${SCRIPT_OUTPUT_FILE_0}\"\n";
			showEnvVarsInLog = 0;
		};
/* End PBXShellScriptBuildPhase section */

/* Begin PBXSourcesBuildPhase section */
		0406BEB1241A218B00E4533B /* Sources */ = {
			isa = PBXSourcesBuildPhase;
			buildActionMask = 2147483647;
			files = (
				04BA4800241A640200D98975 /* FisrtTableViewController.m in Sources */,
				04BA4805241A643C00D98975 /* DemoTableViewCell.m in Sources */,
				04BA480D241A6FA700D98975 /* LikeAnimationButton.m in Sources */,
				0406BEC0241A218B00E4533B /* ViewController.m in Sources */,
				0406BEBA241A218B00E4533B /* AppDelegate.m in Sources */,
				0406BECB241A218E00E4533B /* main.m in Sources */,
				04BA480A241A6A7B00D98975 /* LikeAnimationView.m in Sources */,
				0406BEBD241A218B00E4533B /* SceneDelegate.m in Sources */,
			);
			runOnlyForDeploymentPostprocessing = 0;
		};
		0406BECC241A218E00E4533B /* Sources */ = {
			isa = PBXSourcesBuildPhase;
			buildActionMask = 2147483647;
			files = (
				0406BED5241A218E00E4533B /* AnimationZanDemoTests.m in Sources */,
			);
			runOnlyForDeploymentPostprocessing = 0;
		};
		0406BED7241A218E00E4533B /* Sources */ = {
			isa = PBXSourcesBuildPhase;
			buildActionMask = 2147483647;
			files = (
				0406BEE0241A218E00E4533B /* AnimationZanDemoUITests.m in Sources */,
			);
			runOnlyForDeploymentPostprocessing = 0;
		};
/* End PBXSourcesBuildPhase section */

/* Begin PBXTargetDependency section */
		0406BED2241A218E00E4533B /* PBXTargetDependency */ = {
			isa = PBXTargetDependency;
			target = 0406BEB4241A218B00E4533B /* AnimationZanDemo */;
			targetProxy = 0406BED1241A218E00E4533B /* PBXContainerItemProxy */;
		};
		0406BEDD241A218E00E4533B /* PBXTargetDependency */ = {
			isa = PBXTargetDependency;
			target = 0406BEB4241A218B00E4533B /* AnimationZanDemo */;
			targetProxy = 0406BEDC241A218E00E4533B /* PBXContainerItemProxy */;
		};
/* End PBXTargetDependency section */

/* Begin PBXVariantGroup section */
		0406BEC1241A218B00E4533B /* Main.storyboard */ = {
			isa = PBXVariantGroup;
			children = (
				0406BEC2241A218B00E4533B /* Base */,
			);
			name = Main.storyboard;
			sourceTree = "<group>";
		};
		0406BEC6241A218E00E4533B /* LaunchScreen.storyboard */ = {
			isa = PBXVariantGroup;
			children = (
				0406BEC7241A218E00E4533B /* Base */,
			);
			name = LaunchScreen.storyboard;
			sourceTree = "<group>";
		};
/* End PBXVariantGroup section */

/* Begin XCBuildConfiguration section */
		0406BEE2241A218E00E4533B /* Debug */ = {
			isa = XCBuildConfiguration;
			buildSettings = {
				ALWAYS_SEARCH_USER_PATHS = NO;
				CLANG_ANALYZER_NONNULL = YES;
				CLANG_ANALYZER_NUMBER_OBJECT_CONVERSION = YES_AGGRESSIVE;
				CLANG_CXX_LANGUAGE_STANDARD = "gnu++14";
				CLANG_CXX_LIBRARY = "libc++";
				CLANG_ENABLE_MODULES = YES;
				CLANG_ENABLE_OBJC_ARC = YES;
				CLANG_ENABLE_OBJC_WEAK = YES;
				CLANG_WARN_BLOCK_CAPTURE_AUTORELEASING = YES;
				CLANG_WARN_BOOL_CONVERSION = YES;
				CLANG_WARN_COMMA = YES;
				CLANG_WARN_CONSTANT_CONVERSION = YES;
				CLANG_WARN_DEPRECATED_OBJC_IMPLEMENTATIONS = YES;
				CLANG_WARN_DIRECT_OBJC_ISA_USAGE = YES_ERROR;
				CLANG_WARN_DOCUMENTATION_COMMENTS = YES;
				CLANG_WARN_EMPTY_BODY = YES;
				CLANG_WARN_ENUM_CONVERSION = YES;
				CLANG_WARN_INFINITE_RECURSION = YES;
				CLANG_WARN_INT_CONVERSION = YES;
				CLANG_WARN_NON_LITERAL_NULL_CONVERSION = YES;
				CLANG_WARN_OBJC_IMPLICIT_RETAIN_SELF = YES;
				CLANG_WARN_OBJC_LITERAL_CONVERSION = YES;
				CLANG_WARN_OBJC_ROOT_CLASS = YES_ERROR;
				CLANG_WARN_RANGE_LOOP_ANALYSIS = YES;
				CLANG_WARN_STRICT_PROTOTYPES = YES;
				CLANG_WARN_SUSPICIOUS_MOVE = YES;
				CLANG_WARN_UNGUARDED_AVAILABILITY = YES_AGGRESSIVE;
				CLANG_WARN_UNREACHABLE_CODE = YES;
				CLANG_WARN__DUPLICATE_METHOD_MATCH = YES;
				COPY_PHASE_STRIP = NO;
				DEBUG_INFORMATION_FORMAT = dwarf;
				ENABLE_STRICT_OBJC_MSGSEND = YES;
				ENABLE_TESTABILITY = YES;
				GCC_C_LANGUAGE_STANDARD = gnu11;
				GCC_DYNAMIC_NO_PIC = NO;
				GCC_NO_COMMON_BLOCKS = YES;
				GCC_OPTIMIZATION_LEVEL = 0;
				GCC_PREPROCESSOR_DEFINITIONS = (
					"DEBUG=1",
					"$(inherited)",
				);
				GCC_WARN_64_TO_32_BIT_CONVERSION = YES;
				GCC_WARN_ABOUT_RETURN_TYPE = YES_ERROR;
				GCC_WARN_UNDECLARED_SELECTOR = YES;
				GCC_WARN_UNINITIALIZED_AUTOS = YES_AGGRESSIVE;
				GCC_WARN_UNUSED_FUNCTION = YES;
				GCC_WARN_UNUSED_VARIABLE = YES;
				IPHONEOS_DEPLOYMENT_TARGET = 13.2;
				MTL_ENABLE_DEBUG_INFO = INCLUDE_SOURCE;
				MTL_FAST_MATH = YES;
				ONLY_ACTIVE_ARCH = YES;
				SDKROOT = iphoneos;
			};
			name = Debug;
		};
		0406BEE3241A218E00E4533B /* Release */ = {
			isa = XCBuildConfiguration;
			buildSettings = {
				ALWAYS_SEARCH_USER_PATHS = NO;
				CLANG_ANALYZER_NONNULL = YES;
				CLANG_ANALYZER_NUMBER_OBJECT_CONVERSION = YES_AGGRESSIVE;
				CLANG_CXX_LANGUAGE_STANDARD = "gnu++14";
				CLANG_CXX_LIBRARY = "libc++";
				CLANG_ENABLE_MODULES = YES;
				CLANG_ENABLE_OBJC_ARC = YES;
				CLANG_ENABLE_OBJC_WEAK = YES;
				CLANG_WARN_BLOCK_CAPTURE_AUTORELEASING = YES;
				CLANG_WARN_BOOL_CONVERSION = YES;
				CLANG_WARN_COMMA = YES;
				CLANG_WARN_CONSTANT_CONVERSION = YES;
				CLANG_WARN_DEPRECATED_OBJC_IMPLEMENTATIONS = YES;
				CLANG_WARN_DIRECT_OBJC_ISA_USAGE = YES_ERROR;
				CLANG_WARN_DOCUMENTATION_COMMENTS = YES;
				CLANG_WARN_EMPTY_BODY = YES;
				CLANG_WARN_ENUM_CONVERSION = YES;
				CLANG_WARN_INFINITE_RECURSION = YES;
				CLANG_WARN_INT_CONVERSION = YES;
				CLANG_WARN_NON_LITERAL_NULL_CONVERSION = YES;
				CLANG_WARN_OBJC_IMPLICIT_RETAIN_SELF = YES;
				CLANG_WARN_OBJC_LITERAL_CONVERSION = YES;
				CLANG_WARN_OBJC_ROOT_CLASS = YES_ERROR;
				CLANG_WARN_RANGE_LOOP_ANALYSIS = YES;
				CLANG_WARN_STRICT_PROTOTYPES = YES;
				CLANG_WARN_SUSPICIOUS_MOVE = YES;
				CLANG_WARN_UNGUARDED_AVAILABILITY = YES_AGGRESSIVE;
				CLANG_WARN_UNREACHABLE_CODE = YES;
				CLANG_WARN__DUPLICATE_METHOD_MATCH = YES;
				COPY_PHASE_STRIP = NO;
				DEBUG_INFORMATION_FORMAT = "dwarf-with-dsym";
				ENABLE_NS_ASSERTIONS = NO;
				ENABLE_STRICT_OBJC_MSGSEND = YES;
				GCC_C_LANGUAGE_STANDARD = gnu11;
				GCC_NO_COMMON_BLOCKS = YES;
				GCC_WARN_64_TO_32_BIT_CONVERSION = YES;
				GCC_WARN_ABOUT_RETURN_TYPE = YES_ERROR;
				GCC_WARN_UNDECLARED_SELECTOR = YES;
				GCC_WARN_UNINITIALIZED_AUTOS = YES_AGGRESSIVE;
				GCC_WARN_UNUSED_FUNCTION = YES;
				GCC_WARN_UNUSED_VARIABLE = YES;
				IPHONEOS_DEPLOYMENT_TARGET = 13.2;
				MTL_ENABLE_DEBUG_INFO = NO;
				MTL_FAST_MATH = YES;
				SDKROOT = iphoneos;
				VALIDATE_PRODUCT = YES;
			};
			name = Release;
		};
		0406BEE5241A218E00E4533B /* Debug */ = {
			isa = XCBuildConfiguration;
			baseConfigurationReference = BF0A8F4BA464B9ACDF8D5334 /* Pods-AnimationZanDemo.debug.xcconfig */;
			buildSettings = {
				ASSETCATALOG_COMPILER_APPICON_NAME = AppIcon;
				CODE_SIGN_STYLE = Automatic;
				INFOPLIST_FILE = AnimationZanDemo/Info.plist;
				LD_RUNPATH_SEARCH_PATHS = (
					"$(inherited)",
					"@executable_path/Frameworks",
				);
				PRODUCT_BUNDLE_IDENTIFIER = com.zhanggaotong.AnimationZanDemo;
				PRODUCT_NAME = "$(TARGET_NAME)";
				TARGETED_DEVICE_FAMILY = "1,2";
			};
			name = Debug;
		};
		0406BEE6241A218E00E4533B /* Release */ = {
			isa = XCBuildConfiguration;
			baseConfigurationReference = 3B7C1CA7C8263F59C9AC5A53 /* Pods-AnimationZanDemo.release.xcconfig */;
			buildSettings = {
				ASSETCATALOG_COMPILER_APPICON_NAME = AppIcon;
				CODE_SIGN_STYLE = Automatic;
				INFOPLIST_FILE = AnimationZanDemo/Info.plist;
				LD_RUNPATH_SEARCH_PATHS = (
					"$(inherited)",
					"@executable_path/Frameworks",
				);
				PRODUCT_BUNDLE_IDENTIFIER = com.zhanggaotong.AnimationZanDemo;
				PRODUCT_NAME = "$(TARGET_NAME)";
				TARGETED_DEVICE_FAMILY = "1,2";
			};
			name = Release;
		};
		0406BEE8241A218E00E4533B /* Debug */ = {
			isa = XCBuildConfiguration;
			buildSettings = {
				BUNDLE_LOADER = "$(TEST_HOST)";
				CODE_SIGN_STYLE = Automatic;
				INFOPLIST_FILE = AnimationZanDemoTests/Info.plist;
				IPHONEOS_DEPLOYMENT_TARGET = 13.2;
				LD_RUNPATH_SEARCH_PATHS = (
					"$(inherited)",
					"@executable_path/Frameworks",
					"@loader_path/Frameworks",
				);
				PRODUCT_BUNDLE_IDENTIFIER = com.zhanggaotong.AnimationZanDemoTests;
				PRODUCT_NAME = "$(TARGET_NAME)";
				TARGETED_DEVICE_FAMILY = "1,2";
				TEST_HOST = "$(BUILT_PRODUCTS_DIR)/AnimationZanDemo.app/AnimationZanDemo";
			};
			name = Debug;
		};
		0406BEE9241A218E00E4533B /* Release */ = {
			isa = XCBuildConfiguration;
			buildSettings = {
				BUNDLE_LOADER = "$(TEST_HOST)";
				CODE_SIGN_STYLE = Automatic;
				INFOPLIST_FILE = AnimationZanDemoTests/Info.plist;
				IPHONEOS_DEPLOYMENT_TARGET = 13.2;
				LD_RUNPATH_SEARCH_PATHS = (
					"$(inherited)",
					"@executable_path/Frameworks",
					"@loader_path/Frameworks",
				);
				PRODUCT_BUNDLE_IDENTIFIER = com.zhanggaotong.AnimationZanDemoTests;
				PRODUCT_NAME = "$(TARGET_NAME)";
				TARGETED_DEVICE_FAMILY = "1,2";
				TEST_HOST = "$(BUILT_PRODUCTS_DIR)/AnimationZanDemo.app/AnimationZanDemo";
			};
			name = Release;
		};
		0406BEEB241A218E00E4533B /* Debug */ = {
			isa = XCBuildConfiguration;
			buildSettings = {
				CODE_SIGN_STYLE = Automatic;
				INFOPLIST_FILE = AnimationZanDemoUITests/Info.plist;
				LD_RUNPATH_SEARCH_PATHS = (
					"$(inherited)",
					"@executable_path/Frameworks",
					"@loader_path/Frameworks",
				);
				PRODUCT_BUNDLE_IDENTIFIER = com.zhanggaotong.AnimationZanDemoUITests;
				PRODUCT_NAME = "$(TARGET_NAME)";
				TARGETED_DEVICE_FAMILY = "1,2";
				TEST_TARGET_NAME = AnimationZanDemo;
			};
			name = Debug;
		};
		0406BEEC241A218E00E4533B /* Release */ = {
			isa = XCBuildConfiguration;
			buildSettings = {
				CODE_SIGN_STYLE = Automatic;
				INFOPLIST_FILE = AnimationZanDemoUITests/Info.plist;
				LD_RUNPATH_SEARCH_PATHS = (
					"$(inherited)",
					"@executable_path/Frameworks",
					"@loader_path/Frameworks",
				);
				PRODUCT_BUNDLE_IDENTIFIER = com.zhanggaotong.AnimationZanDemoUITests;
				PRODUCT_NAME = "$(TARGET_NAME)";
				TARGETED_DEVICE_FAMILY = "1,2";
				TEST_TARGET_NAME = AnimationZanDemo;
			};
			name = Release;
		};
/* End XCBuildConfiguration section */

/* Begin XCConfigurationList section */
		0406BEB0241A218B00E4533B /* Build configuration list for PBXProject "AnimationZanDemo" */ = {
			isa = XCConfigurationList;
			buildConfigurations = (
				0406BEE2241A218E00E4533B /* Debug */,
				0406BEE3241A218E00E4533B /* Release */,
			);
			defaultConfigurationIsVisible = 0;
			defaultConfigurationName = Release;
		};
		0406BEE4241A218E00E4533B /* Build configuration list for PBXNativeTarget "AnimationZanDemo" */ = {
			isa = XCConfigurationList;
			buildConfigurations = (
				0406BEE5241A218E00E4533B /* Debug */,
				0406BEE6241A218E00E4533B /* Release */,
			);
			defaultConfigurationIsVisible = 0;
			defaultConfigurationName = Release;
		};
		0406BEE7241A218E00E4533B /* Build configuration list for PBXNativeTarget "AnimationZanDemoTests" */ = {
			isa = XCConfigurationList;
			buildConfigurations = (
				0406BEE8241A218E00E4533B /* Debug */,
				0406BEE9241A218E00E4533B /* Release */,
			);
			defaultConfigurationIsVisible = 0;
			defaultConfigurationName = Release;
		};
		0406BEEA241A218E00E4533B /* Build configuration list for PBXNativeTarget "AnimationZanDemoUITests" */ = {
			isa = XCConfigurationList;
			buildConfigurations = (
				0406BEEB241A218E00E4533B /* Debug */,
				0406BEEC241A218E00E4533B /* Release */,
			);
			defaultConfigurationIsVisible = 0;
			defaultConfigurationName = Release;
		};
/* End XCConfigurationList section */
	};
	rootObject = 0406BEAD241A218B00E4533B /* Project object */;
}
